// !$*UTF8*$!
{
	archiveVersion = 1;
	classes = {
	};
	objectVersion = 46;
	objects = {

/* Begin PBXBuildFile section */
		B003440C1B7080F90078B107 /* main.m in Sources */ = {isa = PBXBuildFile; fileRef = B003440B1B7080F90078B107 /* main.m */; };
		B003440F1B7080F90078B107 /* AppDelegate.m in Sources */ = {isa = PBXBuildFile; fileRef = B003440E1B7080F90078B107 /* AppDelegate.m */; };
		B00344121B7080F90078B107 /* ViewController.m in Sources */ = {isa = PBXBuildFile; fileRef = B00344111B7080F90078B107 /* ViewController.m */; };
		B00344151B7080F90078B107 /* Main.storyboard in Resources */ = {isa = PBXBuildFile; fileRef = B00344131B7080F90078B107 /* Main.storyboard */; };
		B00344171B7080F90078B107 /* Images.xcassets in Resources */ = {isa = PBXBuildFile; fileRef = B00344161B7080F90078B107 /* Images.xcassets */; };
		B003441A1B7080F90078B107 /* LaunchScreen.xib in Resources */ = {isa = PBXBuildFile; fileRef = B00344181B7080F90078B107 /* LaunchScreen.xib */; };
		B00344261B7080F90078B107 /* PopExampleTests.m in Sources */ = {isa = PBXBuildFile; fileRef = B00344251B7080F90078B107 /* PopExampleTests.m */; };
/* End PBXBuildFile section */

/* Begin PBXContainerItemProxy section */
		B00344201B7080F90078B107 /* PBXContainerItemProxy */ = {
			isa = PBXContainerItemProxy;
			containerPortal = B00343FE1B7080F90078B107 /* Project object */;
			proxyType = 1;
			remoteGlobalIDString = B00344051B7080F90078B107;
			remoteInfo = PopExample;
		};
/* End PBXContainerItemProxy section */

/* Begin PBXFileReference section */
		B00344061B7080F90078B107 /* PopExample.app */ = {isa = PBXFileReference; explicitFileType = wrapper.application; includeInIndex = 0; path = PopExample.app; sourceTree = BUILT_PRODUCTS_DIR; };
		B003440A1B7080F90078B107 /* Info.plist */ = {isa = PBXFileReference; lastKnownFileType = text.plist.xml; path = Info.plist; sourceTree = "<group>"; };
		B003440B1B7080F90078B107 /* main.m */ = {isa = PBXFileReference; lastKnownFileType = sourcecode.c.objc; path = main.m; sourceTree = "<group>"; };
		B003440D1B7080F90078B107 /* AppDelegate.h */ = {isa = PBXFileReference; lastKnownFileType = sourcecode.c.h; path = AppDelegate.h; sourceTree = "<group>"; };
		B003440E1B7080F90078B107 /* AppDelegate.m */ = {isa = PBXFileReference; lastKnownFileType = sourcecode.c.objc; path = AppDelegate.m; sourceTree = "<group>"; };
		B00344101B7080F90078B107 /* ViewController.h */ = {isa = PBXFileReference; lastKnownFileType = sourcecode.c.h; path = ViewController.h; sourceTree = "<group>"; };
		B00344111B7080F90078B107 /* ViewController.m */ = {isa = PBXFileReference; lastKnownFileType = sourcecode.c.objc; path = ViewController.m; sourceTree = "<group>"; };
		B00344141B7080F90078B107 /* Base */ = {isa = PBXFileReference; lastKnownFileType = file.storyboard; name = Base; path = Base.lproj/Main.storyboard; sourceTree = "<group>"; };
		B00344161B7080F90078B107 /* Images.xcassets */ = {isa = PBXFileReference; lastKnownFileType = folder.assetcatalog; path = Images.xcassets; sourceTree = "<group>"; };
		B00344191B7080F90078B107 /* Base */ = {isa = PBXFileReference; lastKnownFileType = file.xib; name = Base; path = Base.lproj/LaunchScreen.xib; sourceTree = "<group>"; };
		B003441F1B7080F90078B107 /* PopExampleTests.xctest */ = {isa = PBXFileReference; explicitFileType = wrapper.cfbundle; includeInIndex = 0; path = PopExampleTests.xctest; sourceTree = BUILT_PRODUCTS_DIR; };
		B00344241B7080F90078B107 /* Info.plist */ = {isa = PBXFileReference; lastKnownFileType = text.plist.xml; path = Info.plist; sourceTree = "<group>"; };
		B00344251B7080F90078B107 /* PopExampleTests.m */ = {isa = PBXFileReference; lastKnownFileType = sourcecode.c.objc; path = PopExampleTests.m; sourceTree = "<group>"; };
/* End PBXFileReference section */

/* Begin PBXFrameworksBuildPhase section */
		B00344031B7080F90078B107 /* Frameworks */ = {
			isa = PBXFrameworksBuildPhase;
			buildActionMask = 2147483647;
			files = (
			);
			runOnlyForDeploymentPostprocessing = 0;
		};
		B003441C1B7080F90078B107 /* Frameworks */ = {
			isa = PBXFrameworksBuildPhase;
			buildActionMask = 2147483647;
			files = (
			);
			runOnlyForDeploymentPostprocessing = 0;
		};
/* End PBXFrameworksBuildPhase section */

/* Begin PBXGroup section */
		B00343FD1B7080F90078B107 = {
			isa = PBXGroup;
			children = (
				B00344081B7080F90078B107 /* PopExample */,
				B00344221B7080F90078B107 /* PopExampleTests */,
				B00344071B7080F90078B107 /* Products */,
			);
			sourceTree = "<group>";
		};
		B00344071B7080F90078B107 /* Products */ = {
			isa = PBXGroup;
			children = (
				B00344061B7080F90078B107 /* PopExample.app */,
				B003441F1B7080F90078B107 /* PopExampleTests.xctest */,
			);
			name = Products;
			sourceTree = "<group>";
		};
		B00344081B7080F90078B107 /* PopExample */ = {
			isa = PBXGroup;
			children = (
				B003440D1B7080F90078B107 /* AppDelegate.h */,
				B003440E1B7080F90078B107 /* AppDelegate.m */,
				B00344101B7080F90078B107 /* ViewController.h */,
				B00344111B7080F90078B107 /* ViewController.m */,
				B00344131B7080F90078B107 /* Main.storyboard */,
				B00344161B7080F90078B107 /* Images.xcassets */,
				B00344181B7080F90078B107 /* LaunchScreen.xib */,
				B00344091B7080F90078B107 /* Supporting Files */,
			);
			path = PopExample;
			sourceTree = "<group>";
		};
		B00344091B7080F90078B107 /* Supporting Files */ = {
			isa = PBXGroup;
			children = (
				B003440A1B7080F90078B107 /* Info.plist */,
				B003440B1B7080F90078B107 /* main.m */,
			);
			name = "Supporting Files";
			sourceTree = "<group>";
		};
		B00344221B7080F90078B107 /* PopExampleTests */ = {
			isa = PBXGroup;
			children = (
				B00344251B7080F90078B107 /* PopExampleTests.m */,
				B00344231B7080F90078B107 /* Supporting Files */,
			);
			path = PopExampleTests;
			sourceTree = "<group>";
		};
		B00344231B7080F90078B107 /* Supporting Files */ = {
			isa = PBXGroup;
			children = (
				B00344241B7080F90078B107 /* Info.plist */,
			);
			name = "Supporting Files";
			sourceTree = "<group>";
		};
/* End PBXGroup section */

/* Begin PBXNativeTarget section */
		B00344051B7080F90078B107 /* PopExample */ = {
			isa = PBXNativeTarget;
			buildConfigurationList = B00344291B7080F90078B107 /* Build configuration list for PBXNativeTarget "PopExample" */;
			buildPhases = (
				B00344021B7080F90078B107 /* Sources */,
				B00344031B7080F90078B107 /* Frameworks */,
				B00344041B7080F90078B107 /* Resources */,
			);
			buildRules = (
			);
			dependencies = (
			);
			name = PopExample;
			productName = PopExample;
			productReference = B00344061B7080F90078B107 /* PopExample.app */;
			productType = "com.apple.product-type.application";
		};
		B003441E1B7080F90078B107 /* PopExampleTests */ = {
			isa = PBXNativeTarget;
			buildConfigurationList = B003442C1B7080F90078B107 /* Build configuration list for PBXNativeTarget "PopExampleTests" */;
			buildPhases = (
				B003441B1B7080F90078B107 /* Sources */,
				B003441C1B7080F90078B107 /* Frameworks */,
				B003441D1B7080F90078B107 /* Resources */,
			);
			buildRules = (
			);
			dependencies = (
				B00344211B7080F90078B107 /* PBXTargetDependency */,
			);
			name = PopExampleTests;
			productName = PopExampleTests;
			productReference = B003441F1B7080F90078B107 /* PopExampleTests.xctest */;
			productType = "com.apple.product-type.bundle.unit-test";
		};
/* End PBXNativeTarget section */

/* Begin PBXProject section */
		B00343FE1B7080F90078B107 /* Project object */ = {
			isa = PBXProject;
			attributes = {
				LastUpgradeCheck = 0640;
				ORGANIZATIONNAME = stevenlfg;
				TargetAttributes = {
					B00344051B7080F90078B107 = {
						CreatedOnToolsVersion = 6.4;
					};
					B003441E1B7080F90078B107 = {
						CreatedOnToolsVersion = 6.4;
						TestTargetID = B00344051B7080F90078B107;
					};
				};
			};
			buildConfigurationList = B00344011B7080F90078B107 /* Build configuration list for PBXProject "PopExample" */;
			compatibilityVersion = "Xcode 3.2";
			developmentRegion = English;
			hasScannedForEncodings = 0;
			knownRegions = (
				en,
				Base,
			);
			mainGroup = B00343FD1B7080F90078B107;
			productRefGroup = B00344071B7080F90078B107 /* Products */;
			projectDirPath = "";
			projectRoot = "";
			targets = (
				B00344051B7080F90078B107 /* PopExample */,
				B003441E1B7080F90078B107 /* PopExampleTests */,
			);
		};
/* End PBXProject section */

/* Begin PBXResourcesBuildPhase section */
		B00344041B7080F90078B107 /* Resources */ = {
			isa = PBXResourcesBuildPhase;
			buildActionMask = 2147483647;
			files = (
				B00344151B7080F90078B107 /* Main.storyboard in Resources */,
				B003441A1B7080F90078B107 /* LaunchScreen.xib in Resources */,
				B00344171B7080F90078B107 /* Images.xcassets in Resources */,
			);
			runOnlyForDeploymentPostprocessing = 0;
		};
		B003441D1B7080F90078B107 /* Resources */ = {
			isa = PBXResourcesBuildPhase;
			buildActionMask = 2147483647;
			files = (
			);
			runOnlyForDeploymentPostprocessing = 0;
		};
/* End PBXResourcesBuildPhase section */

/* Begin PBXSourcesBuildPhase section */
		B00344021B7080F90078B107 /* Sources */ = {
			isa = PBXSourcesBuildPhase;
			buildActionMask = 2147483647;
			files = (
				B00344121B7080F90078B107 /* ViewController.m in Sources */,
				B003440F1B7080F90078B107 /* AppDelegate.m in Sources */,
				B003440C1B7080F90078B107 /* main.m in Sources */,
			);
			runOnlyForDeploymentPostprocessing = 0;
		};
		B003441B1B7080F90078B107 /* Sources */ = {
			isa = PBXSourcesBuildPhase;
			buildActionMask = 2147483647;
			files = (
				B00344261B7080F90078B107 /* PopExampleTests.m in Sources */,
			);
			runOnlyForDeploymentPostprocessing = 0;
		};
/* End PBXSourcesBuildPhase section */

/* Begin PBXTargetDependency section */
		B00344211B7080F90078B107 /* PBXTargetDependency */ = {
			isa = PBXTargetDependency;
			target = B00344051B7080F90078B107 /* PopExample */;
			targetProxy = B00344201B7080F90078B107 /* PBXContainerItemProxy */;
		};
/* End PBXTargetDependency section */

/* Begin PBXVariantGroup section */
		B00344131B7080F90078B107 /* Main.storyboard */ = {
			isa = PBXVariantGroup;
			children = (
				B00344141B7080F90078B107 /* Base */,
			);
			name = Main.storyboard;
			sourceTree = "<group>";
		};
		B00344181B7080F90078B107 /* LaunchScreen.xib */ = {
			isa = PBXVariantGroup;
			children = (
				B00344191B7080F90078B107 /* Base */,
			);
			name = LaunchScreen.xib;
			sourceTree = "<group>";
		};
/* End PBXVariantGroup section */

/* Begin XCBuildConfiguration section */
		B00344271B7080F90078B107 /* Debug */ = {
			isa = XCBuildConfiguration;
			buildSettings = {
				ALWAYS_SEARCH_USER_PATHS = NO;
				CLANG_CXX_LANGUAGE_STANDARD = "gnu++0x";
				CLANG_CXX_LIBRARY = "libc++";
				CLANG_ENABLE_MODULES = YES;
				CLANG_ENABLE_OBJC_ARC = YES;
				CLANG_WARN_BOOL_CONVERSION = YES;
				CLANG_WARN_CONSTANT_CONVERSION = YES;
				CLANG_WARN_DIRECT_OBJC_ISA_USAGE = YES_ERROR;
				CLANG_WARN_EMPTY_BODY = YES;
				CLANG_WARN_ENUM_CONVERSION = YES;
				CLANG_WARN_INT_CONVERSION = YES;
				CLANG_WARN_OBJC_ROOT_CLASS = YES_ERROR;
				CLANG_WARN_UNREACHABLE_CODE = YES;
				CLANG_WARN__DUPLICATE_METHOD_MATCH = YES;
				"CODE_SIGN_IDENTITY[sdk=iphoneos*]" = "iPhone Developer";
				COPY_PHASE_STRIP = NO;
				DEBUG_INFORMATION_FORMAT = "dwarf-with-dsym";
				ENABLE_STRICT_OBJC_MSGSEND = YES;
				GCC_C_LANGUAGE_STANDARD = gnu99;
				GCC_DYNAMIC_NO_PIC = NO;
				GCC_NO_COMMON_BLOCKS = YES;
				GCC_OPTIMIZATION_LEVEL = 0;
				GCC_PREPROCESSOR_DEFINITIONS = (
					"DEBUG=1",
					"$(inherited)",
				);
				GCC_SYMBOLS_PRIVATE_EXTERN = NO;
				GCC_WARN_64_TO_32_BIT_CONVERSION = YES;
				GCC_WARN_ABOUT_RETURN_TYPE = YES_ERROR;
				GCC_WARN_UNDECLARED_SELECTOR = YES;
				GCC_WARN_UNINITIALIZED_AUTOS = YES_AGGRESSIVE;
				GCC_WARN_UNUSED_FUNCTION = YES;
				GCC_WARN_UNUSED_VARIABLE = YES;
				IPHONEOS_DEPLOYMENT_TARGET = 8.4;
				MTL_ENABLE_DEBUG_INFO = YES;
				ONLY_ACTIVE_ARCH = YES;
				SDKROOT = iphoneos;
			};
			name = Debug;
		};
		B00344281B7080F90078B107 /* Release */ = {
			isa = XCBuildConfiguration;
			buildSettings = {
				ALWAYS_SEARCH_USER_PATHS = NO;
				CLANG_CXX_LANGUAGE_STANDARD = "gnu++0x";
				CLANG_CXX_LIBRARY = "libc++";
				CLANG_ENABLE_MODULES = YES;
				CLANG_ENABLE_OBJC_ARC = YES;
				CLANG_WARN_BOOL_CONVERSION = YES;
				CLANG_WARN_CONSTANT_CONVERSION = YES;
				CLANG_WARN_DIRECT_OBJC_ISA_USAGE = YES_ERROR;
				CLANG_WARN_EMPTY_BODY = YES;
				CLANG_WARN_ENUM_CONVERSION = YES;
				CLANG_WARN_INT_CONVERSION = YES;
				CLANG_WARN_OBJC_ROOT_CLASS = YES_ERROR;
				CLANG_WARN_UNREACHABLE_CODE = YES;
				CLANG_WARN__DUPLICATE_METHOD_MATCH = YES;
				"CODE_SIGN_IDENTITY[sdk=iphoneos*]" = "iPhone Developer";
				COPY_PHASE_STRIP = NO;
				DEBUG_INFORMATION_FORMAT = "dwarf-with-dsym";
				ENABLE_NS_ASSERTIONS = NO;
				ENABLE_STRICT_OBJC_MSGSEND = YES;
				GCC_C_LANGUAGE_STANDARD = gnu99;
				GCC_NO_COMMON_BLOCKS = YES;
				GCC_WARN_64_TO_32_BIT_CONVERSION = YES;
				GCC_WARN_ABOUT_RETURN_TYPE = YES_ERROR;
				GCC_WARN_UNDECLARED_SELECTOR = YES;
				GCC_WARN_UNINITIALIZED_AUTOS = YES_AGGRESSIVE;
				GCC_WARN_UNUSED_FUNCTION = YES;
				GCC_WARN_UNUSED_VARIABLE = YES;
				IPHONEOS_DEPLOYMENT_TARGET = 8.4;
				MTL_ENABLE_DEBUG_INFO = NO;
				SDKROOT = iphoneos;
				VALIDATE_PRODUCT = YES;
			};
			name = Release;
		};
		B003442A1B7080F90078B107 /* Debug */ = {
			isa = XCBuildConfiguration;
			buildSettings = {
				ASSETCATALOG_COMPILER_APPICON_NAME = AppIcon;
				INFOPLIST_FILE = PopExample/Info.plist;
				LD_RUNPATH_SEARCH_PATHS = "$(inherited) @executable_path/Frameworks";
				PRODUCT_NAME = "$(TARGET_NAME)";
			};
			name = Debug;
		};
		B003442B1B7080F90078B107 /* Release */ = {
			isa = XCBuildConfiguration;
			buildSettings = {
				ASSETCATALOG_COMPILER_APPICON_NAME = AppIcon;
				INFOPLIST_FILE = PopExample/Info.plist;
				LD_RUNPATH_SEARCH_PATHS = "$(inherited) @executable_path/Frameworks";
				PRODUCT_NAME = "$(TARGET_NAME)";
			};
			name = Release;
		};
		B003442D1B7080F90078B107 /* Debug */ = {
			isa = XCBuildConfiguration;
			buildSettings = {
				BUNDLE_LOADER = "$(TEST_HOST)";
				FRAMEWORK_SEARCH_PATHS = (
					"$(SDKROOT)/Developer/Library/Frameworks",
					"$(inherited)",
				);
				GCC_PREPROCESSOR_DEFINITIONS = (
					"DEBUG=1",
					"$(inherited)",
				);
				INFOPLIST_FILE = PopExampleTests/Info.plist;
				LD_RUNPATH_SEARCH_PATHS = "$(inherited) @executable_path/Frameworks @loader_path/Frameworks";
				PRODUCT_NAME = "$(TARGET_NAME)";
				TEST_HOST = "$(BUILT_PRODUCTS_DIR)/PopExample.app/PopExample";
			};
			name = Debug;
		};
		B003442E1B7080F90078B107 /* Release */ = {
			isa = XCBuildConfiguration;
			buildSettings = {
				BUNDLE_LOADER = "$(TEST_HOST)";
				FRAMEWORK_SEARCH_PATHS = (
					"$(SDKROOT)/Developer/Library/Frameworks",
					"$(inherited)",
				);
				INFOPLIST_FILE = PopExampleTests/Info.plist;
				LD_RUNPATH_SEARCH_PATHS = "$(inherited) @executable_path/Frameworks @loader_path/Frameworks";
				PRODUCT_NAME = "$(TARGET_NAME)";
				TEST_HOST = "$(BUILT_PRODUCTS_DIR)/PopExample.app/PopExample";
			};
			name = Release;
		};
/* End XCBuildConfiguration section */

/* Begin XCConfigurationList section */
		B00344011B7080F90078B107 /* Build configuration list for PBXProject "PopExample" */ = {
			isa = XCConfigurationList;
			buildConfigurations = (
				B00344271B7080F90078B107 /* Debug */,
				B00344281B7080F90078B107 /* Release */,
			);
			defaultConfigurationIsVisible = 0;
			defaultConfigurationName = Release;
		};
		B00344291B7080F90078B107 /* Build configuration list for PBXNativeTarget "PopExample" */ = {
			isa = XCConfigurationList;
			buildConfigurations = (
				B003442A1B7080F90078B107 /* Debug */,
				B003442B1B7080F90078B107 /* Release */,
			);
			defaultConfigurationIsVisible = 0;
		};
		B003442C1B7080F90078B107 /* Build configuration list for PBXNativeTarget "PopExampleTests" */ = {
			isa = XCConfigurationList;
			buildConfigurations = (
				B003442D1B7080F90078B107 /* Debug */,
				B003442E1B7080F90078B107 /* Release */,
			);
			defaultConfigurationIsVisible = 0;
		};
/* End XCConfigurationList section */
	};
	rootObject = B00343FE1B7080F90078B107 /* Project object */;
}
